// !$*UTF8*$!
{
	archiveVersion = 1;
	classes = {
	};
	objectVersion = 56;
	objects = {

/* Begin PBXBuildFile section */
		D7C641CE2BDF6887001CEDB2 /* IntroduceApp.swift in Sources */ = {isa = PBXBuildFile; fileRef = D7C641CD2BDF6887001CEDB2 /* IntroduceApp.swift */; };
		D7C641D02BDF6887001CEDB2 /* ContentView.swift in Sources */ = {isa = PBXBuildFile; fileRef = D7C641CF2BDF6887001CEDB2 /* ContentView.swift */; };
		D7C641D22BDF688A001CEDB2 /* Assets.xcassets in Resources */ = {isa = PBXBuildFile; fileRef = D7C641D12BDF688A001CEDB2 /* Assets.xcassets */; };
		D7C641D52BDF688A001CEDB2 /* Preview Assets.xcassets in Resources */ = {isa = PBXBuildFile; fileRef = D7C641D42BDF688A001CEDB2 /* Preview Assets.xcassets */; };
		D7C641DF2BDF688B001CEDB2 /* IntroduceTests.swift in Sources */ = {isa = PBXBuildFile; fileRef = D7C641DE2BDF688B001CEDB2 /* IntroduceTests.swift */; };
		D7C641E92BDF688B001CEDB2 /* IntroduceUITests.swift in Sources */ = {isa = PBXBuildFile; fileRef = D7C641E82BDF688B001CEDB2 /* IntroduceUITests.swift */; };
		D7C641EB2BDF688B001CEDB2 /* IntroduceUITestsLaunchTests.swift in Sources */ = {isa = PBXBuildFile; fileRef = D7C641EA2BDF688B001CEDB2 /* IntroduceUITestsLaunchTests.swift */; };
/* End PBXBuildFile section */

/* Begin PBXContainerItemProxy section */
		D7C641DB2BDF688B001CEDB2 /* PBXContainerItemProxy */ = {
			isa = PBXContainerItemProxy;
			containerPortal = D7C641C22BDF6887001CEDB2 /* Project object */;
			proxyType = 1;
			remoteGlobalIDString = D7C641C92BDF6887001CEDB2;
			remoteInfo = Introduce;
		};
		D7C641E52BDF688B001CEDB2 /* PBXContainerItemProxy */ = {
			isa = PBXContainerItemProxy;
			containerPortal = D7C641C22BDF6887001CEDB2 /* Project object */;
			proxyType = 1;
			remoteGlobalIDString = D7C641C92BDF6887001CEDB2;
			remoteInfo = Introduce;
		};
/* End PBXContainerItemProxy section */

/* Begin PBXFileReference section */
		D7C641CA2BDF6887001CEDB2 /* Introduce.app */ = {isa = PBXFileReference; explicitFileType = wrapper.application; includeInIndex = 0; path = Introduce.app; sourceTree = BUILT_PRODUCTS_DIR; };
		D7C641CD2BDF6887001CEDB2 /* IntroduceApp.swift */ = {isa = PBXFileReference; lastKnownFileType = sourcecode.swift; path = IntroduceApp.swift; sourceTree = "<group>"; };
		D7C641CF2BDF6887001CEDB2 /* ContentView.swift */ = {isa = PBXFileReference; lastKnownFileType = sourcecode.swift; path = ContentView.swift; sourceTree = "<group>"; };
		D7C641D12BDF688A001CEDB2 /* Assets.xcassets */ = {isa = PBXFileReference; lastKnownFileType = folder.assetcatalog; path = Assets.xcassets; sourceTree = "<group>"; };
		D7C641D42BDF688A001CEDB2 /* Preview Assets.xcassets */ = {isa = PBXFileReference; lastKnownFileType = folder.assetcatalog; path = "Preview Assets.xcassets"; sourceTree = "<group>"; };
		D7C641DA2BDF688B001CEDB2 /* IntroduceTests.xctest */ = {isa = PBXFileReference; explicitFileType = wrapper.cfbundle; includeInIndex = 0; path = IntroduceTests.xctest; sourceTree = BUILT_PRODUCTS_DIR; };
		D7C641DE2BDF688B001CEDB2 /* IntroduceTests.swift */ = {isa = PBXFileReference; lastKnownFileType = sourcecode.swift; path = IntroduceTests.swift; sourceTree = "<group>"; };
		D7C641E42BDF688B001CEDB2 /* IntroduceUITests.xctest */ = {isa = PBXFileReference; explicitFileType = wrapper.cfbundle; includeInIndex = 0; path = IntroduceUITests.xctest; sourceTree = BUILT_PRODUCTS_DIR; };
		D7C641E82BDF688B001CEDB2 /* IntroduceUITests.swift */ = {isa = PBXFileReference; lastKnownFileType = sourcecode.swift; path = IntroduceUITests.swift; sourceTree = "<group>"; };
		D7C641EA2BDF688B001CEDB2 /* IntroduceUITestsLaunchTests.swift */ = {isa = PBXFileReference; lastKnownFileType = sourcecode.swift; path = IntroduceUITestsLaunchTests.swift; sourceTree = "<group>"; };
/* End PBXFileReference section */

/* Begin PBXFrameworksBuildPhase section */
		D7C641C72BDF6887001CEDB2 /* Frameworks */ = {
			isa = PBXFrameworksBuildPhase;
			buildActionMask = 2147483647;
			files = (
			);
			runOnlyForDeploymentPostprocessing = 0;
		};
		D7C641D72BDF688B001CEDB2 /* Frameworks */ = {
			isa = PBXFrameworksBuildPhase;
			buildActionMask = 2147483647;
			files = (
			);
			runOnlyForDeploymentPostprocessing = 0;
		};
		D7C641E12BDF688B001CEDB2 /* Frameworks */ = {
			isa = PBXFrameworksBuildPhase;
			buildActionMask = 2147483647;
			files = (
			);
			runOnlyForDeploymentPostprocessing = 0;
		};
/* End PBXFrameworksBuildPhase section */

/* Begin PBXGroup section */
		D7C641C12BDF6887001CEDB2 = {
			isa = PBXGroup;
			children = (
				D7C641CC2BDF6887001CEDB2 /* Introduce */,
				D7C641DD2BDF688B001CEDB2 /* IntroduceTests */,
				D7C641E72BDF688B001CEDB2 /* IntroduceUITests */,
				D7C641CB2BDF6887001CEDB2 /* Products */,
			);
			sourceTree = "<group>";
		};
		D7C641CB2BDF6887001CEDB2 /* Products */ = {
			isa = PBXGroup;
			children = (
				D7C641CA2BDF6887001CEDB2 /* Introduce.app */,
				D7C641DA2BDF688B001CEDB2 /* IntroduceTests.xctest */,
				D7C641E42BDF688B001CEDB2 /* IntroduceUITests.xctest */,
			);
			name = Products;
			sourceTree = "<group>";
		};
		D7C641CC2BDF6887001CEDB2 /* Introduce */ = {
			isa = PBXGroup;
			children = (
				D7C641CD2BDF6887001CEDB2 /* IntroduceApp.swift */,
				D7C641CF2BDF6887001CEDB2 /* ContentView.swift */,
				D7C641D12BDF688A001CEDB2 /* Assets.xcassets */,
				D7C641D32BDF688A001CEDB2 /* Preview Content */,
			);
			path = Introduce;
			sourceTree = "<group>";
		};
		D7C641D32BDF688A001CEDB2 /* Preview Content */ = {
			isa = PBXGroup;
			children = (
				D7C641D42BDF688A001CEDB2 /* Preview Assets.xcassets */,
			);
			path = "Preview Content";
			sourceTree = "<group>";
		};
		D7C641DD2BDF688B001CEDB2 /* IntroduceTests */ = {
			isa = PBXGroup;
			children = (
				D7C641DE2BDF688B001CEDB2 /* IntroduceTests.swift */,
			);
			path = IntroduceTests;
			sourceTree = "<group>";
		};
		D7C641E72BDF688B001CEDB2 /* IntroduceUITests */ = {
			isa = PBXGroup;
			children = (
				D7C641E82BDF688B001CEDB2 /* IntroduceUITests.swift */,
				D7C641EA2BDF688B001CEDB2 /* IntroduceUITestsLaunchTests.swift */,
			);
			path = IntroduceUITests;
			sourceTree = "<group>";
		};
/* End PBXGroup section */

/* Begin PBXNativeTarget section */
		D7C641C92BDF6887001CEDB2 /* Introduce */ = {
			isa = PBXNativeTarget;
			buildConfigurationList = D7C641EE2BDF688B001CEDB2 /* Build configuration list for PBXNativeTarget "Introduce" */;
			buildPhases = (
				D7C641C62BDF6887001CEDB2 /* Sources */,
				D7C641C72BDF6887001CEDB2 /* Frameworks */,
				D7C641C82BDF6887001CEDB2 /* Resources */,
			);
			buildRules = (
			);
			dependencies = (
			);
			name = Introduce;
			productName = Introduce;
			productReference = D7C641CA2BDF6887001CEDB2 /* Introduce.app */;
			productType = "com.apple.product-type.application";
		};
		D7C641D92BDF688B001CEDB2 /* IntroduceTests */ = {
			isa = PBXNativeTarget;
			buildConfigurationList = D7C641F12BDF688B001CEDB2 /* Build configuration list for PBXNativeTarget "IntroduceTests" */;
			buildPhases = (
				D7C641D62BDF688B001CEDB2 /* Sources */,
				D7C641D72BDF688B001CEDB2 /* Frameworks */,
				D7C641D82BDF688B001CEDB2 /* Resources */,
			);
			buildRules = (
			);
			dependencies = (
				D7C641DC2BDF688B001CEDB2 /* PBXTargetDependency */,
			);
			name = IntroduceTests;
			productName = IntroduceTests;
			productReference = D7C641DA2BDF688B001CEDB2 /* IntroduceTests.xctest */;
			productType = "com.apple.product-type.bundle.unit-test";
		};
		D7C641E32BDF688B001CEDB2 /* IntroduceUITests */ = {
			isa = PBXNativeTarget;
			buildConfigurationList = D7C641F42BDF688B001CEDB2 /* Build configuration list for PBXNativeTarget "IntroduceUITests" */;
			buildPhases = (
				D7C641E02BDF688B001CEDB2 /* Sources */,
				D7C641E12BDF688B001CEDB2 /* Frameworks */,
				D7C641E22BDF688B001CEDB2 /* Resources */,
			);
			buildRules = (
			);
			dependencies = (
				D7C641E62BDF688B001CEDB2 /* PBXTargetDependency */,
			);
			name = IntroduceUITests;
			productName = IntroduceUITests;
			productReference = D7C641E42BDF688B001CEDB2 /* IntroduceUITests.xctest */;
			productType = "com.apple.product-type.bundle.ui-testing";
		};
/* End PBXNativeTarget section */

/* Begin PBXProject section */
		D7C641C22BDF6887001CEDB2 /* Project object */ = {
			isa = PBXProject;
			attributes = {
				BuildIndependentTargetsInParallel = 1;
				LastSwiftUpdateCheck = 1530;
				LastUpgradeCheck = 1530;
				TargetAttributes = {
					D7C641C92BDF6887001CEDB2 = {
						CreatedOnToolsVersion = 15.3;
					};
					D7C641D92BDF688B001CEDB2 = {
						CreatedOnToolsVersion = 15.3;
						TestTargetID = D7C641C92BDF6887001CEDB2;
					};
					D7C641E32BDF688B001CEDB2 = {
						CreatedOnToolsVersion = 15.3;
						TestTargetID = D7C641C92BDF6887001CEDB2;
					};
				};
			};
			buildConfigurationList = D7C641C52BDF6887001CEDB2 /* Build configuration list for PBXProject "Introduce" */;
			compatibilityVersion = "Xcode 14.0";
			developmentRegion = en;
			hasScannedForEncodings = 0;
			knownRegions = (
				en,
				Base,
			);
			mainGroup = D7C641C12BDF6887001CEDB2;
			productRefGroup = D7C641CB2BDF6887001CEDB2 /* Products */;
			projectDirPath = "";
			projectRoot = "";
			targets = (
				D7C641C92BDF6887001CEDB2 /* Introduce */,
				D7C641D92BDF688B001CEDB2 /* IntroduceTests */,
				D7C641E32BDF688B001CEDB2 /* IntroduceUITests */,
			);
		};
/* End PBXProject section */

/* Begin PBXResourcesBuildPhase section */
		D7C641C82BDF6887001CEDB2 /* Resources */ = {
			isa = PBXResourcesBuildPhase;
			buildActionMask = 2147483647;
			files = (
				D7C641D52BDF688A001CEDB2 /* Preview Assets.xcassets in Resources */,
				D7C641D22BDF688A001CEDB2 /* Assets.xcassets in Resources */,
			);
			runOnlyForDeploymentPostprocessing = 0;
		};
		D7C641D82BDF688B001CEDB2 /* Resources */ = {
			isa = PBXResourcesBuildPhase;
			buildActionMask = 2147483647;
			files = (
			);
			runOnlyForDeploymentPostprocessing = 0;
		};
		D7C641E22BDF688B001CEDB2 /* Resources */ = {
			isa = PBXResourcesBuildPhase;
			buildActionMask = 2147483647;
			files = (
			);
			runOnlyForDeploymentPostprocessing = 0;
		};
/* End PBXResourcesBuildPhase section */

/* Begin PBXSourcesBuildPhase section */
		D7C641C62BDF6887001CEDB2 /* Sources */ = {
			isa = PBXSourcesBuildPhase;
			buildActionMask = 2147483647;
			files = (
				D7C641D02BDF6887001CEDB2 /* ContentView.swift in Sources */,
				D7C641CE2BDF6887001CEDB2 /* IntroduceApp.swift in Sources */,
			);
			runOnlyForDeploymentPostprocessing = 0;
		};
		D7C641D62BDF688B001CEDB2 /* Sources */ = {
			isa = PBXSourcesBuildPhase;
			buildActionMask = 2147483647;
			files = (
				D7C641DF2BDF688B001CEDB2 /* IntroduceTests.swift in Sources */,
			);
			runOnlyForDeploymentPostprocessing = 0;
		};
		D7C641E02BDF688B001CEDB2 /* Sources */ = {
			isa = PBXSourcesBuildPhase;
			buildActionMask = 2147483647;
			files = (
				D7C641EB2BDF688B001CEDB2 /* IntroduceUITestsLaunchTests.swift in Sources */,
				D7C641E92BDF688B001CEDB2 /* IntroduceUITests.swift in Sources */,
			);
			runOnlyForDeploymentPostprocessing = 0;
		};
/* End PBXSourcesBuildPhase section */

/* Begin PBXTargetDependency section */
		D7C641DC2BDF688B001CEDB2 /* PBXTargetDependency */ = {
			isa = PBXTargetDependency;
			target = D7C641C92BDF6887001CEDB2 /* Introduce */;
			targetProxy = D7C641DB2BDF688B001CEDB2 /* PBXContainerItemProxy */;
		};
		D7C641E62BDF688B001CEDB2 /* PBXTargetDependency */ = {
			isa = PBXTargetDependency;
			target = D7C641C92BDF6887001CEDB2 /* Introduce */;
			targetProxy = D7C641E52BDF688B001CEDB2 /* PBXContainerItemProxy */;
		};
/* End PBXTargetDependency section */

/* Begin XCBuildConfiguration section */
		D7C641EC2BDF688B001CEDB2 /* Debug */ = {
			isa = XCBuildConfiguration;
			buildSettings = {
				ALWAYS_SEARCH_USER_PATHS = NO;
				ASSETCATALOG_COMPILER_GENERATE_SWIFT_ASSET_SYMBOL_EXTENSIONS = YES;
				CLANG_ANALYZER_NONNULL = YES;
				CLANG_ANALYZER_NUMBER_OBJECT_CONVERSION = YES_AGGRESSIVE;
				CLANG_CXX_LANGUAGE_STANDARD = "gnu++20";
				CLANG_ENABLE_MODULES = YES;
				CLANG_ENABLE_OBJC_ARC = YES;
				CLANG_ENABLE_OBJC_WEAK = YES;
				CLANG_WARN_BLOCK_CAPTURE_AUTORELEASING = YES;
				CLANG_WARN_BOOL_CONVERSION = YES;
				CLANG_WARN_COMMA = YES;
				CLANG_WARN_CONSTANT_CONVERSION = YES;
				CLANG_WARN_DEPRECATED_OBJC_IMPLEMENTATIONS = YES;
				CLANG_WARN_DIRECT_OBJC_ISA_USAGE = YES_ERROR;
				CLANG_WARN_DOCUMENTATION_COMMENTS = YES;
				CLANG_WARN_EMPTY_BODY = YES;
				CLANG_WARN_ENUM_CONVERSION = YES;
				CLANG_WARN_INFINITE_RECURSION = YES;
				CLANG_WARN_INT_CONVERSION = YES;
				CLANG_WARN_NON_LITERAL_NULL_CONVERSION = YES;
				CLANG_WARN_OBJC_IMPLICIT_RETAIN_SELF = YES;
				CLANG_WARN_OBJC_LITERAL_CONVERSION = YES;
				CLANG_WARN_OBJC_ROOT_CLASS = YES_ERROR;
				CLANG_WARN_QUOTED_INCLUDE_IN_FRAMEWORK_HEADER = YES;
				CLANG_WARN_RANGE_LOOP_ANALYSIS = YES;
				CLANG_WARN_STRICT_PROTOTYPES = YES;
				CLANG_WARN_SUSPICIOUS_MOVE = YES;
				CLANG_WARN_UNGUARDED_AVAILABILITY = YES_AGGRESSIVE;
				CLANG_WARN_UNREACHABLE_CODE = YES;
				CLANG_WARN__DUPLICATE_METHOD_MATCH = YES;
				COPY_PHASE_STRIP = NO;
				DEBUG_INFORMATION_FORMAT = dwarf;
				ENABLE_STRICT_OBJC_MSGSEND = YES;
				ENABLE_TESTABILITY = YES;
				ENABLE_USER_SCRIPT_SANDBOXING = YES;
				GCC_C_LANGUAGE_STANDARD = gnu17;
				GCC_DYNAMIC_NO_PIC = NO;
				GCC_NO_COMMON_BLOCKS = YES;
				GCC_OPTIMIZATION_LEVEL = 0;
				GCC_PREPROCESSOR_DEFINITIONS = (
					"DEBUG=1",
					"$(inherited)",
				);
				GCC_WARN_64_TO_32_BIT_CONVERSION = YES;
				GCC_WARN_ABOUT_RETURN_TYPE = YES_ERROR;
				GCC_WARN_UNDECLARED_SELECTOR = YES;
				GCC_WARN_UNINITIALIZED_AUTOS = YES_AGGRESSIVE;
				GCC_WARN_UNUSED_FUNCTION = YES;
				GCC_WARN_UNUSED_VARIABLE = YES;
				IPHONEOS_DEPLOYMENT_TARGET = 17.4;
				LOCALIZATION_PREFERS_STRING_CATALOGS = YES;
				MTL_ENABLE_DEBUG_INFO = INCLUDE_SOURCE;
				MTL_FAST_MATH = YES;
				ONLY_ACTIVE_ARCH = YES;
				SDKROOT = iphoneos;
				SWIFT_ACTIVE_COMPILATION_CONDITIONS = "DEBUG $(inherited)";
				SWIFT_OPTIMIZATION_LEVEL = "-Onone";
			};
			name = Debug;
		};
		D7C641ED2BDF688B001CEDB2 /* Release */ = {
			isa = XCBuildConfiguration;
			buildSettings = {
				ALWAYS_SEARCH_USER_PATHS = NO;
				ASSETCATALOG_COMPILER_GENERATE_SWIFT_ASSET_SYMBOL_EXTENSIONS = YES;
				CLANG_ANALYZER_NONNULL = YES;
				CLANG_ANALYZER_NUMBER_OBJECT_CONVERSION = YES_AGGRESSIVE;
				CLANG_CXX_LANGUAGE_STANDARD = "gnu++20";
				CLANG_ENABLE_MODULES = YES;
				CLANG_ENABLE_OBJC_ARC = YES;
				CLANG_ENABLE_OBJC_WEAK = YES;
				CLANG_WARN_BLOCK_CAPTURE_AUTORELEASING = YES;
				CLANG_WARN_BOOL_CONVERSION = YES;
				CLANG_WARN_COMMA = YES;
				CLANG_WARN_CONSTANT_CONVERSION = YES;
				CLANG_WARN_DEPRECATED_OBJC_IMPLEMENTATIONS = YES;
				CLANG_WARN_DIRECT_OBJC_ISA_USAGE = YES_ERROR;
				CLANG_WARN_DOCUMENTATION_COMMENTS = YES;
				CLANG_WARN_EMPTY_BODY = YES;
				CLANG_WARN_ENUM_CONVERSION = YES;
				CLANG_WARN_INFINITE_RECURSION = YES;
				CLANG_WARN_INT_CONVERSION = YES;
				CLANG_WARN_NON_LITERAL_NULL_CONVERSION = YES;
				CLANG_WARN_OBJC_IMPLICIT_RETAIN_SELF = YES;
				CLANG_WARN_OBJC_LITERAL_CONVERSION = YES;
				CLANG_WARN_OBJC_ROOT_CLASS = YES_ERROR;
				CLANG_WARN_QUOTED_INCLUDE_IN_FRAMEWORK_HEADER = YES;
				CLANG_WARN_RANGE_LOOP_ANALYSIS = YES;
				CLANG_WARN_STRICT_PROTOTYPES = YES;
				CLANG_WARN_SUSPICIOUS_MOVE = YES;
				CLANG_WARN_UNGUARDED_AVAILABILITY = YES_AGGRESSIVE;
				CLANG_WARN_UNREACHABLE_CODE = YES;
				CLANG_WARN__DUPLICATE_METHOD_MATCH = YES;
				COPY_PHASE_STRIP = NO;
				DEBUG_INFORMATION_FORMAT = "dwarf-with-dsym";
				ENABLE_NS_ASSERTIONS = NO;
				ENABLE_STRICT_OBJC_MSGSEND = YES;
				ENABLE_USER_SCRIPT_SANDBOXING = YES;
				GCC_C_LANGUAGE_STANDARD = gnu17;
				GCC_NO_COMMON_BLOCKS = YES;
				GCC_WARN_64_TO_32_BIT_CONVERSION = YES;
				GCC_WARN_ABOUT_RETURN_TYPE = YES_ERROR;
				GCC_WARN_UNDECLARED_SELECTOR = YES;
				GCC_WARN_UNINITIALIZED_AUTOS = YES_AGGRESSIVE;
				GCC_WARN_UNUSED_FUNCTION = YES;
				GCC_WARN_UNUSED_VARIABLE = YES;
				IPHONEOS_DEPLOYMENT_TARGET = 17.4;
				LOCALIZATION_PREFERS_STRING_CATALOGS = YES;
				MTL_ENABLE_DEBUG_INFO = NO;
				MTL_FAST_MATH = YES;
				SDKROOT = iphoneos;
				SWIFT_COMPILATION_MODE = wholemodule;
				VALIDATE_PRODUCT = YES;
			};
			name = Release;
		};
		D7C641EF2BDF688B001CEDB2 /* Debug */ = {
			isa = XCBuildConfiguration;
			buildSettings = {
				ASSETCATALOG_COMPILER_APPICON_NAME = AppIcon;
				ASSETCATALOG_COMPILER_GLOBAL_ACCENT_COLOR_NAME = AccentColor;
				CODE_SIGN_STYLE = Automatic;
				CURRENT_PROJECT_VERSION = 1;
				DEVELOPMENT_ASSET_PATHS = "\"Introduce/Preview Content\"";
				DEVELOPMENT_TEAM = G9MASYG5CQ;
				ENABLE_PREVIEWS = YES;
				GENERATE_INFOPLIST_FILE = YES;
				INFOPLIST_KEY_UIApplicationSceneManifest_Generation = YES;
				INFOPLIST_KEY_UIApplicationSupportsIndirectInputEvents = YES;
				INFOPLIST_KEY_UILaunchScreen_Generation = YES;
				INFOPLIST_KEY_UISupportedInterfaceOrientations_iPad = "UIInterfaceOrientationPortrait UIInterfaceOrientationPortraitUpsideDown UIInterfaceOrientationLandscapeLeft UIInterfaceOrientationLandscapeRight";
				INFOPLIST_KEY_UISupportedInterfaceOrientations_iPhone = "UIInterfaceOrientationPortrait UIInterfaceOrientationLandscapeLeft UIInterfaceOrientationLandscapeRight";
				LD_RUNPATH_SEARCH_PATHS = (
					"$(inherited)",
					"@executable_path/Frameworks",
				);
				MARKETING_VERSION = 1.0;
				PRODUCT_BUNDLE_IDENTIFIER = "jp.ac.kyusan-u.Introduce";
				PRODUCT_NAME = "$(TARGET_NAME)";
				SWIFT_EMIT_LOC_STRINGS = YES;
				SWIFT_VERSION = 5.0;
				TARGETED_DEVICE_FAMILY = "1,2";
			};
			name = Debug;
		};
		D7C641F02BDF688B001CEDB2 /* Release */ = {
			isa = XCBuildConfiguration;
			buildSettings = {
				ASSETCATALOG_COMPILER_APPICON_NAME = AppIcon;
				ASSETCATALOG_COMPILER_GLOBAL_ACCENT_COLOR_NAME = AccentColor;
				CODE_SIGN_STYLE = Automatic;
				CURRENT_PROJECT_VERSION = 1;
				DEVELOPMENT_ASSET_PATHS = "\"Introduce/Preview Content\"";
				DEVELOPMENT_TEAM = G9MASYG5CQ;
				ENABLE_PREVIEWS = YES;
				GENERATE_INFOPLIST_FILE = YES;
				INFOPLIST_KEY_UIApplicationSceneManifest_Generation = YES;
				INFOPLIST_KEY_UIApplicationSupportsIndirectInputEvents = YES;
				INFOPLIST_KEY_UILaunchScreen_Generation = YES;
				INFOPLIST_KEY_UISupportedInterfaceOrientations_iPad = "UIInterfaceOrientationPortrait UIInterfaceOrientationPortraitUpsideDown UIInterfaceOrientationLandscapeLeft UIInterfaceOrientationLandscapeRight";
				INFOPLIST_KEY_UISupportedInterfaceOrientations_iPhone = "UIInterfaceOrientationPortrait UIInterfaceOrientationLandscapeLeft UIInterfaceOrientationLandscapeRight";
				LD_RUNPATH_SEARCH_PATHS = (
					"$(inherited)",
					"@executable_path/Frameworks",
				);
				MARKETING_VERSION = 1.0;
				PRODUCT_BUNDLE_IDENTIFIER = "jp.ac.kyusan-u.Introduce";
				PRODUCT_NAME = "$(TARGET_NAME)";
				SWIFT_EMIT_LOC_STRINGS = YES;
				SWIFT_VERSION = 5.0;
				TARGETED_DEVICE_FAMILY = "1,2";
			};
			name = Release;
		};
		D7C641F22BDF688B001CEDB2 /* Debug */ = {
			isa = XCBuildConfiguration;
			buildSettings = {
				ALWAYS_EMBED_SWIFT_STANDARD_LIBRARIES = YES;
				BUNDLE_LOADER = "$(TEST_HOST)";
				CODE_SIGN_STYLE = Automatic;
				CURRENT_PROJECT_VERSION = 1;
				DEVELOPMENT_TEAM = G9MASYG5CQ;
				GENERATE_INFOPLIST_FILE = YES;
				IPHONEOS_DEPLOYMENT_TARGET = 17.4;
				MARKETING_VERSION = 1.0;
				PRODUCT_BUNDLE_IDENTIFIER = "jp.ac.kyusan-u.IntroduceTests";
				PRODUCT_NAME = "$(TARGET_NAME)";
				SWIFT_EMIT_LOC_STRINGS = NO;
				SWIFT_VERSION = 5.0;
				TARGETED_DEVICE_FAMILY = "1,2";
				TEST_HOST = "$(BUILT_PRODUCTS_DIR)/Introduce.app/$(BUNDLE_EXECUTABLE_FOLDER_PATH)/Introduce";
			};
			name = Debug;
		};
		D7C641F32BDF688B001CEDB2 /* Release */ = {
			isa = XCBuildConfiguration;
			buildSettings = {
				ALWAYS_EMBED_SWIFT_STANDARD_LIBRARIES = YES;
				BUNDLE_LOADER = "$(TEST_HOST)";
				CODE_SIGN_STYLE = Automatic;
				CURRENT_PROJECT_VERSION = 1;
				DEVELOPMENT_TEAM = G9MASYG5CQ;
				GENERATE_INFOPLIST_FILE = YES;
				IPHONEOS_DEPLOYMENT_TARGET = 17.4;
				MARKETING_VERSION = 1.0;
				PRODUCT_BUNDLE_IDENTIFIER = "jp.ac.kyusan-u.IntroduceTests";
				PRODUCT_NAME = "$(TARGET_NAME)";
				SWIFT_EMIT_LOC_STRINGS = NO;
				SWIFT_VERSION = 5.0;
				TARGETED_DEVICE_FAMILY = "1,2";
				TEST_HOST = "$(BUILT_PRODUCTS_DIR)/Introduce.app/$(BUNDLE_EXECUTABLE_FOLDER_PATH)/Introduce";
			};
			name = Release;
		};
		D7C641F52BDF688B001CEDB2 /* Debug */ = {
			isa = XCBuildConfiguration;
			buildSettings = {
				ALWAYS_EMBED_SWIFT_STANDARD_LIBRARIES = YES;
				CODE_SIGN_STYLE = Automatic;
				CURRENT_PROJECT_VERSION = 1;
				DEVELOPMENT_TEAM = G9MASYG5CQ;
				GENERATE_INFOPLIST_FILE = YES;
				MARKETING_VERSION = 1.0;
				PRODUCT_BUNDLE_IDENTIFIER = "jp.ac.kyusan-u.IntroduceUITests";
				PRODUCT_NAME = "$(TARGET_NAME)";
				SWIFT_EMIT_LOC_STRINGS = NO;
				SWIFT_VERSION = 5.0;
				TARGETED_DEVICE_FAMILY = "1,2";
				TEST_TARGET_NAME = Introduce;
			};
			name = Debug;
		};
		D7C641F62BDF688B001CEDB2 /* Release */ = {
			isa = XCBuildConfiguration;
			buildSettings = {
				ALWAYS_EMBED_SWIFT_STANDARD_LIBRARIES = YES;
				CODE_SIGN_STYLE = Automatic;
				CURRENT_PROJECT_VERSION = 1;
				DEVELOPMENT_TEAM = G9MASYG5CQ;
				GENERATE_INFOPLIST_FILE = YES;
				MARKETING_VERSION = 1.0;
				PRODUCT_BUNDLE_IDENTIFIER = "jp.ac.kyusan-u.IntroduceUITests";
				PRODUCT_NAME = "$(TARGET_NAME)";
				SWIFT_EMIT_LOC_STRINGS = NO;
				SWIFT_VERSION = 5.0;
				TARGETED_DEVICE_FAMILY = "1,2";
				TEST_TARGET_NAME = Introduce;
			};
			name = Release;
		};
/* End XCBuildConfiguration section */

/* Begin XCConfigurationList section */
		D7C641C52BDF6887001CEDB2 /* Build configuration list for PBXProject "Introduce" */ = {
			isa = XCConfigurationList;
			buildConfigurations = (
				D7C641EC2BDF688B001CEDB2 /* Debug */,
				D7C641ED2BDF688B001CEDB2 /* Release */,
			);
			defaultConfigurationIsVisible = 0;
			defaultConfigurationName = Release;
		};
		D7C641EE2BDF688B001CEDB2 /* Build configuration list for PBXNativeTarget "Introduce" */ = {
			isa = XCConfigurationList;
			buildConfigurations = (
				D7C641EF2BDF688B001CEDB2 /* Debug */,
				D7C641F02BDF688B001CEDB2 /* Release */,
			);
			defaultConfigurationIsVisible = 0;
			defaultConfigurationName = Release;
		};
		D7C641F12BDF688B001CEDB2 /* Build configuration list for PBXNativeTarget "IntroduceTests" */ = {
			isa = XCConfigurationList;
			buildConfigurations = (
				D7C641F22BDF688B001CEDB2 /* Debug */,
				D7C641F32BDF688B001CEDB2 /* Release */,
			);
			defaultConfigurationIsVisible = 0;
			defaultConfigurationName = Release;
		};
		D7C641F42BDF688B001CEDB2 /* Build configuration list for PBXNativeTarget "IntroduceUITests" */ = {
			isa = XCConfigurationList;
			buildConfigurations = (
				D7C641F52BDF688B001CEDB2 /* Debug */,
				D7C641F62BDF688B001CEDB2 /* Release */,
			);
			defaultConfigurationIsVisible = 0;
			defaultConfigurationName = Release;
		};
/* End XCConfigurationList section */
	};
	rootObject = D7C641C22BDF6887001CEDB2 /* Project object */;
}
